// !$*UTF8*$!
{
	archiveVersion = 1;
	classes = {
	};
	objectVersion = 46;
	objects = {

/* Begin PBXBuildFile section */
		0D7C340F1F0B5E2100C4949E /* main.m in Sources */ = {isa = PBXBuildFile; fileRef = 0D7C340E1F0B5E2100C4949E /* main.m */; };
		0D7C34121F0B5E2200C4949E /* AppDelegate.m in Sources */ = {isa = PBXBuildFile; fileRef = 0D7C34111F0B5E2200C4949E /* AppDelegate.m */; };
		0D7C34151F0B5E2200C4949E /* ViewController.m in Sources */ = {isa = PBXBuildFile; fileRef = 0D7C34141F0B5E2200C4949E /* ViewController.m */; };
		0D7C34181F0B5E2200C4949E /* Main.storyboard in Resources */ = {isa = PBXBuildFile; fileRef = 0D7C34161F0B5E2200C4949E /* Main.storyboard */; };
		0D7C341A1F0B5E2200C4949E /* Assets.xcassets in Resources */ = {isa = PBXBuildFile; fileRef = 0D7C34191F0B5E2200C4949E /* Assets.xcassets */; };
		0D7C341D1F0B5E2200C4949E /* LaunchScreen.storyboard in Resources */ = {isa = PBXBuildFile; fileRef = 0D7C341B1F0B5E2200C4949E /* LaunchScreen.storyboard */; };
		0D7C34281F0B5E2200C4949E /* QuickSortArrayTests.m in Sources */ = {isa = PBXBuildFile; fileRef = 0D7C34271F0B5E2200C4949E /* QuickSortArrayTests.m */; };
		0D7C34331F0B5E2200C4949E /* QuickSortArrayUITests.m in Sources */ = {isa = PBXBuildFile; fileRef = 0D7C34321F0B5E2200C4949E /* QuickSortArrayUITests.m */; };
/* End PBXBuildFile section */

/* Begin PBXContainerItemProxy section */
		0D7C34241F0B5E2200C4949E /* PBXContainerItemProxy */ = {
			isa = PBXContainerItemProxy;
			containerPortal = 0D7C34021F0B5E2100C4949E /* Project object */;
			proxyType = 1;
			remoteGlobalIDString = 0D7C34091F0B5E2100C4949E;
			remoteInfo = QuickSortArray;
		};
		0D7C342F1F0B5E2200C4949E /* PBXContainerItemProxy */ = {
			isa = PBXContainerItemProxy;
			containerPortal = 0D7C34021F0B5E2100C4949E /* Project object */;
			proxyType = 1;
			remoteGlobalIDString = 0D7C34091F0B5E2100C4949E;
			remoteInfo = QuickSortArray;
		};
/* End PBXContainerItemProxy section */

/* Begin PBXFileReference section */
		0D7C340A1F0B5E2100C4949E /* QuickSortArray.app */ = {isa = PBXFileReference; explicitFileType = wrapper.application; includeInIndex = 0; path = QuickSortArray.app; sourceTree = BUILT_PRODUCTS_DIR; };
		0D7C340E1F0B5E2100C4949E /* main.m */ = {isa = PBXFileReference; lastKnownFileType = sourcecode.c.objc; path = main.m; sourceTree = "<group>"; };
		0D7C34101F0B5E2100C4949E /* AppDelegate.h */ = {isa = PBXFileReference; lastKnownFileType = sourcecode.c.h; path = AppDelegate.h; sourceTree = "<group>"; };
		0D7C34111F0B5E2200C4949E /* AppDelegate.m */ = {isa = PBXFileReference; lastKnownFileType = sourcecode.c.objc; path = AppDelegate.m; sourceTree = "<group>"; };
		0D7C34131F0B5E2200C4949E /* ViewController.h */ = {isa = PBXFileReference; lastKnownFileType = sourcecode.c.h; path = ViewController.h; sourceTree = "<group>"; };
		0D7C34141F0B5E2200C4949E /* ViewController.m */ = {isa = PBXFileReference; lastKnownFileType = sourcecode.c.objc; path = ViewController.m; sourceTree = "<group>"; };
		0D7C34171F0B5E2200C4949E /* Base */ = {isa = PBXFileReference; lastKnownFileType = file.storyboard; name = Base; path = Base.lproj/Main.storyboard; sourceTree = "<group>"; };
		0D7C34191F0B5E2200C4949E /* Assets.xcassets */ = {isa = PBXFileReference; lastKnownFileType = folder.assetcatalog; path = Assets.xcassets; sourceTree = "<group>"; };
		0D7C341C1F0B5E2200C4949E /* Base */ = {isa = PBXFileReference; lastKnownFileType = file.storyboard; name = Base; path = Base.lproj/LaunchScreen.storyboard; sourceTree = "<group>"; };
		0D7C341E1F0B5E2200C4949E /* Info.plist */ = {isa = PBXFileReference; lastKnownFileType = text.plist.xml; path = Info.plist; sourceTree = "<group>"; };
		0D7C34231F0B5E2200C4949E /* QuickSortArrayTests.xctest */ = {isa = PBXFileReference; explicitFileType = wrapper.cfbundle; includeInIndex = 0; path = QuickSortArrayTests.xctest; sourceTree = BUILT_PRODUCTS_DIR; };
		0D7C34271F0B5E2200C4949E /* QuickSortArrayTests.m */ = {isa = PBXFileReference; lastKnownFileType = sourcecode.c.objc; path = QuickSortArrayTests.m; sourceTree = "<group>"; };
		0D7C34291F0B5E2200C4949E /* Info.plist */ = {isa = PBXFileReference; lastKnownFileType = text.plist.xml; path = Info.plist; sourceTree = "<group>"; };
		0D7C342E1F0B5E2200C4949E /* QuickSortArrayUITests.xctest */ = {isa = PBXFileReference; explicitFileType = wrapper.cfbundle; includeInIndex = 0; path = QuickSortArrayUITests.xctest; sourceTree = BUILT_PRODUCTS_DIR; };
		0D7C34321F0B5E2200C4949E /* QuickSortArrayUITests.m */ = {isa = PBXFileReference; lastKnownFileType = sourcecode.c.objc; path = QuickSortArrayUITests.m; sourceTree = "<group>"; };
		0D7C34341F0B5E2200C4949E /* Info.plist */ = {isa = PBXFileReference; lastKnownFileType = text.plist.xml; path = Info.plist; sourceTree = "<group>"; };
/* End PBXFileReference section */

/* Begin PBXFrameworksBuildPhase section */
		0D7C34071F0B5E2100C4949E /* Frameworks */ = {
			isa = PBXFrameworksBuildPhase;
			buildActionMask = 2147483647;
			files = (
			);
			runOnlyForDeploymentPostprocessing = 0;
		};
		0D7C34201F0B5E2200C4949E /* Frameworks */ = {
			isa = PBXFrameworksBuildPhase;
			buildActionMask = 2147483647;
			files = (
			);
			runOnlyForDeploymentPostprocessing = 0;
		};
		0D7C342B1F0B5E2200C4949E /* Frameworks */ = {
			isa = PBXFrameworksBuildPhase;
			buildActionMask = 2147483647;
			files = (
			);
			runOnlyForDeploymentPostprocessing = 0;
		};
/* End PBXFrameworksBuildPhase section */

/* Begin PBXGroup section */
		0D7C34011F0B5E2100C4949E = {
			isa = PBXGroup;
			children = (
				0D7C340C1F0B5E2100C4949E /* QuickSortArray */,
				0D7C34261F0B5E2200C4949E /* QuickSortArrayTests */,
				0D7C34311F0B5E2200C4949E /* QuickSortArrayUITests */,
				0D7C340B1F0B5E2100C4949E /* Products */,
			);
			sourceTree = "<group>";
		};
		0D7C340B1F0B5E2100C4949E /* Products */ = {
			isa = PBXGroup;
			children = (
				0D7C340A1F0B5E2100C4949E /* QuickSortArray.app */,
				0D7C34231F0B5E2200C4949E /* QuickSortArrayTests.xctest */,
				0D7C342E1F0B5E2200C4949E /* QuickSortArrayUITests.xctest */,
			);
			name = Products;
			sourceTree = "<group>";
		};
		0D7C340C1F0B5E2100C4949E /* QuickSortArray */ = {
			isa = PBXGroup;
			children = (
				0D7C34101F0B5E2100C4949E /* AppDelegate.h */,
				0D7C34111F0B5E2200C4949E /* AppDelegate.m */,
				0D7C34131F0B5E2200C4949E /* ViewController.h */,
				0D7C34141F0B5E2200C4949E /* ViewController.m */,
				0D7C34161F0B5E2200C4949E /* Main.storyboard */,
				0D7C34191F0B5E2200C4949E /* Assets.xcassets */,
				0D7C341B1F0B5E2200C4949E /* LaunchScreen.storyboard */,
				0D7C341E1F0B5E2200C4949E /* Info.plist */,
				0D7C340D1F0B5E2100C4949E /* Supporting Files */,
			);
			path = QuickSortArray;
			sourceTree = "<group>";
		};
		0D7C340D1F0B5E2100C4949E /* Supporting Files */ = {
			isa = PBXGroup;
			children = (
				0D7C340E1F0B5E2100C4949E /* main.m */,
			);
			name = "Supporting Files";
			sourceTree = "<group>";
		};
		0D7C34261F0B5E2200C4949E /* QuickSortArrayTests */ = {
			isa = PBXGroup;
			children = (
				0D7C34271F0B5E2200C4949E /* QuickSortArrayTests.m */,
				0D7C34291F0B5E2200C4949E /* Info.plist */,
			);
			path = QuickSortArrayTests;
			sourceTree = "<group>";
		};
		0D7C34311F0B5E2200C4949E /* QuickSortArrayUITests */ = {
			isa = PBXGroup;
			children = (
				0D7C34321F0B5E2200C4949E /* QuickSortArrayUITests.m */,
				0D7C34341F0B5E2200C4949E /* Info.plist */,
			);
			path = QuickSortArrayUITests;
			sourceTree = "<group>";
		};
/* End PBXGroup section */

/* Begin PBXNativeTarget section */
		0D7C34091F0B5E2100C4949E /* QuickSortArray */ = {
			isa = PBXNativeTarget;
			buildConfigurationList = 0D7C34371F0B5E2200C4949E /* Build configuration list for PBXNativeTarget "QuickSortArray" */;
			buildPhases = (
				0D7C34061F0B5E2100C4949E /* Sources */,
				0D7C34071F0B5E2100C4949E /* Frameworks */,
				0D7C34081F0B5E2100C4949E /* Resources */,
			);
			buildRules = (
			);
			dependencies = (
			);
			name = QuickSortArray;
			productName = QuickSortArray;
			productReference = 0D7C340A1F0B5E2100C4949E /* QuickSortArray.app */;
			productType = "com.apple.product-type.application";
		};
		0D7C34221F0B5E2200C4949E /* QuickSortArrayTests */ = {
			isa = PBXNativeTarget;
			buildConfigurationList = 0D7C343A1F0B5E2200C4949E /* Build configuration list for PBXNativeTarget "QuickSortArrayTests" */;
			buildPhases = (
				0D7C341F1F0B5E2200C4949E /* Sources */,
				0D7C34201F0B5E2200C4949E /* Frameworks */,
				0D7C34211F0B5E2200C4949E /* Resources */,
			);
			buildRules = (
			);
			dependencies = (
				0D7C34251F0B5E2200C4949E /* PBXTargetDependency */,
			);
			name = QuickSortArrayTests;
			productName = QuickSortArrayTests;
			productReference = 0D7C34231F0B5E2200C4949E /* QuickSortArrayTests.xctest */;
			productType = "com.apple.product-type.bundle.unit-test";
		};
		0D7C342D1F0B5E2200C4949E /* QuickSortArrayUITests */ = {
			isa = PBXNativeTarget;
			buildConfigurationList = 0D7C343D1F0B5E2200C4949E /* Build configuration list for PBXNativeTarget "QuickSortArrayUITests" */;
			buildPhases = (
				0D7C342A1F0B5E2200C4949E /* Sources */,
				0D7C342B1F0B5E2200C4949E /* Frameworks */,
				0D7C342C1F0B5E2200C4949E /* Resources */,
			);
			buildRules = (
			);
			dependencies = (
				0D7C34301F0B5E2200C4949E /* PBXTargetDependency */,
			);
			name = QuickSortArrayUITests;
			productName = QuickSortArrayUITests;
			productReference = 0D7C342E1F0B5E2200C4949E /* QuickSortArrayUITests.xctest */;
			productType = "com.apple.product-type.bundle.ui-testing";
		};
/* End PBXNativeTarget section */

/* Begin PBXProject section */
		0D7C34021F0B5E2100C4949E /* Project object */ = {
			isa = PBXProject;
			attributes = {
				LastUpgradeCheck = 0830;
				ORGANIZATIONNAME = YXGang;
				TargetAttributes = {
					0D7C34091F0B5E2100C4949E = {
						CreatedOnToolsVersion = 8.3.2;
						ProvisioningStyle = Automatic;
					};
					0D7C34221F0B5E2200C4949E = {
						CreatedOnToolsVersion = 8.3.2;
						ProvisioningStyle = Automatic;
						TestTargetID = 0D7C34091F0B5E2100C4949E;
					};
					0D7C342D1F0B5E2200C4949E = {
						CreatedOnToolsVersion = 8.3.2;
						ProvisioningStyle = Automatic;
						TestTargetID = 0D7C34091F0B5E2100C4949E;
					};
				};
			};
			buildConfigurationList = 0D7C34051F0B5E2100C4949E /* Build configuration list for PBXProject "QuickSortArray" */;
			compatibilityVersion = "Xcode 3.2";
			developmentRegion = English;
			hasScannedForEncodings = 0;
			knownRegions = (
				en,
				Base,
			);
			mainGroup = 0D7C34011F0B5E2100C4949E;
			productRefGroup = 0D7C340B1F0B5E2100C4949E /* Products */;
			projectDirPath = "";
			projectRoot = "";
			targets = (
				0D7C34091F0B5E2100C4949E /* QuickSortArray */,
				0D7C34221F0B5E2200C4949E /* QuickSortArrayTests */,
				0D7C342D1F0B5E2200C4949E /* QuickSortArrayUITests */,
			);
		};
/* End PBXProject section */

/* Begin PBXResourcesBuildPhase section */
		0D7C34081F0B5E2100C4949E /* Resources */ = {
			isa = PBXResourcesBuildPhase;
			buildActionMask = 2147483647;
			files = (
				0D7C341D1F0B5E2200C4949E /* LaunchScreen.storyboard in Resources */,
				0D7C341A1F0B5E2200C4949E /* Assets.xcassets in Resources */,
				0D7C34181F0B5E2200C4949E /* Main.storyboard in Resources */,
			);
			runOnlyForDeploymentPostprocessing = 0;
		};
		0D7C34211F0B5E2200C4949E /* Resources */ = {
			isa = PBXResourcesBuildPhase;
			buildActionMask = 2147483647;
			files = (
			);
			runOnlyForDeploymentPostprocessing = 0;
		};
		0D7C342C1F0B5E2200C4949E /* Resources */ = {
			isa = PBXResourcesBuildPhase;
			buildActionMask = 2147483647;
			files = (
			);
			runOnlyForDeploymentPostprocessing = 0;
		};
/* End PBXResourcesBuildPhase section */

/* Begin PBXSourcesBuildPhase section */
		0D7C34061F0B5E2100C4949E /* Sources */ = {
			isa = PBXSourcesBuildPhase;
			buildActionMask = 2147483647;
			files = (
				0D7C34151F0B5E2200C4949E /* ViewController.m in Sources */,
				0D7C34121F0B5E2200C4949E /* AppDelegate.m in Sources */,
				0D7C340F1F0B5E2100C4949E /* main.m in Sources */,
			);
			runOnlyForDeploymentPostprocessing = 0;
		};
		0D7C341F1F0B5E2200C4949E /* Sources */ = {
			isa = PBXSourcesBuildPhase;
			buildActionMask = 2147483647;
			files = (
				0D7C34281F0B5E2200C4949E /* QuickSortArrayTests.m in Sources */,
			);
			runOnlyForDeploymentPostprocessing = 0;
		};
		0D7C342A1F0B5E2200C4949E /* Sources */ = {
			isa = PBXSourcesBuildPhase;
			buildActionMask = 2147483647;
			files = (
				0D7C34331F0B5E2200C4949E /* QuickSortArrayUITests.m in Sources */,
			);
			runOnlyForDeploymentPostprocessing = 0;
		};
/* End PBXSourcesBuildPhase section */

/* Begin PBXTargetDependency section */
		0D7C34251F0B5E2200C4949E /* PBXTargetDependency */ = {
			isa = PBXTargetDependency;
			target = 0D7C34091F0B5E2100C4949E /* QuickSortArray */;
			targetProxy = 0D7C34241F0B5E2200C4949E /* PBXContainerItemProxy */;
		};
		0D7C34301F0B5E2200C4949E /* PBXTargetDependency */ = {
			isa = PBXTargetDependency;
			target = 0D7C34091F0B5E2100C4949E /* QuickSortArray */;
			targetProxy = 0D7C342F1F0B5E2200C4949E /* PBXContainerItemProxy */;
		};
/* End PBXTargetDependency section */

/* Begin PBXVariantGroup section */
		0D7C34161F0B5E2200C4949E /* Main.storyboard */ = {
			isa = PBXVariantGroup;
			children = (
				0D7C34171F0B5E2200C4949E /* Base */,
			);
			name = Main.storyboard;
			sourceTree = "<group>";
		};
		0D7C341B1F0B5E2200C4949E /* LaunchScreen.storyboard */ = {
			isa = PBXVariantGroup;
			children = (
				0D7C341C1F0B5E2200C4949E /* Base */,
			);
			name = LaunchScreen.storyboard;
			sourceTree = "<group>";
		};
/* End PBXVariantGroup section */

/* Begin XCBuildConfiguration section */
		0D7C34351F0B5E2200C4949E /* Debug */ = {
			isa = XCBuildConfiguration;
			buildSettings = {
				ALWAYS_SEARCH_USER_PATHS = NO;
				CLANG_ANALYZER_NONNULL = YES;
				CLANG_ANALYZER_NUMBER_OBJECT_CONVERSION = YES_AGGRESSIVE;
				CLANG_CXX_LANGUAGE_STANDARD = "gnu++0x";
				CLANG_CXX_LIBRARY = "libc++";
				CLANG_ENABLE_MODULES = YES;
				CLANG_ENABLE_OBJC_ARC = YES;
				CLANG_WARN_BOOL_CONVERSION = YES;
				CLANG_WARN_CONSTANT_CONVERSION = YES;
				CLANG_WARN_DIRECT_OBJC_ISA_USAGE = YES_ERROR;
				CLANG_WARN_DOCUMENTATION_COMMENTS = YES;
				CLANG_WARN_EMPTY_BODY = YES;
				CLANG_WARN_ENUM_CONVERSION = YES;
				CLANG_WARN_INFINITE_RECURSION = YES;
				CLANG_WARN_INT_CONVERSION = YES;
				CLANG_WARN_OBJC_ROOT_CLASS = YES_ERROR;
				CLANG_WARN_SUSPICIOUS_MOVE = YES;
				CLANG_WARN_UNREACHABLE_CODE = YES;
				CLANG_WARN__DUPLICATE_METHOD_MATCH = YES;
				"CODE_SIGN_IDENTITY[sdk=iphoneos*]" = "iPhone Developer";
				COPY_PHASE_STRIP = NO;
				DEBUG_INFORMATION_FORMAT = dwarf;
				ENABLE_STRICT_OBJC_MSGSEND = YES;
				ENABLE_TESTABILITY = YES;
				GCC_C_LANGUAGE_STANDARD = gnu99;
				GCC_DYNAMIC_NO_PIC = NO;
				GCC_NO_COMMON_BLOCKS = YES;
				GCC_OPTIMIZATION_LEVEL = 0;
				GCC_PREPROCESSOR_DEFINITIONS = (
					"DEBUG=1",
					"$(inherited)",
				);
				GCC_WARN_64_TO_32_BIT_CONVERSION = YES;
				GCC_WARN_ABOUT_RETURN_TYPE = YES_ERROR;
				GCC_WARN_UNDECLARED_SELECTOR = YES;
				GCC_WARN_UNINITIALIZED_AUTOS = YES_AGGRESSIVE;
				GCC_WARN_UNUSED_FUNCTION = YES;
				GCC_WARN_UNUSED_VARIABLE = YES;
				IPHONEOS_DEPLOYMENT_TARGET = 10.3;
				MTL_ENABLE_DEBUG_INFO = YES;
				ONLY_ACTIVE_ARCH = YES;
				SDKROOT = iphoneos;
				TARGETED_DEVICE_FAMILY = "1,2";
			};
			name = Debug;
		};
		0D7C34361F0B5E2200C4949E /* Release */ = {
			isa = XCBuildConfiguration;
			buildSettings = {
				ALWAYS_SEARCH_USER_PATHS = NO;
				CLANG_ANALYZER_NONNULL = YES;
				CLANG_ANALYZER_NUMBER_OBJECT_CONVERSION = YES_AGGRESSIVE;
				CLANG_CXX_LANGUAGE_STANDARD = "gnu++0x";
				CLANG_CXX_LIBRARY = "libc++";
				CLANG_ENABLE_MODULES = YES;
				CLANG_ENABLE_OBJC_ARC = YES;
				CLANG_WARN_BOOL_CONVERSION = YES;
				CLANG_WARN_CONSTANT_CONVERSION = YES;
				CLANG_WARN_DIRECT_OBJC_ISA_USAGE = YES_ERROR;
				CLANG_WARN_DOCUMENTATION_COMMENTS = YES;
				CLANG_WARN_EMPTY_BODY = YES;
				CLANG_WARN_ENUM_CONVERSION = YES;
				CLANG_WARN_INFINITE_RECURSION = YES;
				CLANG_WARN_INT_CONVERSION = YES;
				CLANG_WARN_OBJC_ROOT_CLASS = YES_ERROR;
				CLANG_WARN_SUSPICIOUS_MOVE = YES;
				CLANG_WARN_UNREACHABLE_CODE = YES;
				CLANG_WARN__DUPLICATE_METHOD_MATCH = YES;
				"CODE_SIGN_IDENTITY[sdk=iphoneos*]" = "iPhone Developer";
				COPY_PHASE_STRIP = NO;
				DEBUG_INFORMATION_FORMAT = "dwarf-with-dsym";
				ENABLE_NS_ASSERTIONS = NO;
				ENABLE_STRICT_OBJC_MSGSEND = YES;
				GCC_C_LANGUAGE_STANDARD = gnu99;
				GCC_NO_COMMON_BLOCKS = YES;
				GCC_WARN_64_TO_32_BIT_CONVERSION = YES;
				GCC_WARN_ABOUT_RETURN_TYPE = YES_ERROR;
				GCC_WARN_UNDECLARED_SELECTOR = YES;
				GCC_WARN_UNINITIALIZED_AUTOS = YES_AGGRESSIVE;
				GCC_WARN_UNUSED_FUNCTION = YES;
				GCC_WARN_UNUSED_VARIABLE = YES;
				IPHONEOS_DEPLOYMENT_TARGET = 10.3;
				MTL_ENABLE_DEBUG_INFO = NO;
				SDKROOT = iphoneos;
				TARGETED_DEVICE_FAMILY = "1,2";
				VALIDATE_PRODUCT = YES;
			};
			name = Release;
		};
		0D7C34381F0B5E2200C4949E /* Debug */ = {
			isa = XCBuildConfiguration;
			buildSettings = {
				ASSETCATALOG_COMPILER_APPICON_NAME = AppIcon;
				INFOPLIST_FILE = QuickSortArray/Info.plist;
				LD_RUNPATH_SEARCH_PATHS = "$(inherited) @executable_path/Frameworks";
				PRODUCT_BUNDLE_IDENTIFIER = sunny.QuickSortArray;
				PRODUCT_NAME = "$(TARGET_NAME)";
			};
			name = Debug;
		};
		0D7C34391F0B5E2200C4949E /* Release */ = {
			isa = XCBuildConfiguration;
			buildSettings = {
				ASSETCATALOG_COMPILER_APPICON_NAME = AppIcon;
				INFOPLIST_FILE = QuickSortArray/Info.plist;
				LD_RUNPATH_SEARCH_PATHS = "$(inherited) @executable_path/Frameworks";
				PRODUCT_BUNDLE_IDENTIFIER = sunny.QuickSortArray;
				PRODUCT_NAME = "$(TARGET_NAME)";
			};
			name = Release;
		};
		0D7C343B1F0B5E2200C4949E /* Debug */ = {
			isa = XCBuildConfiguration;
			buildSettings = {
				BUNDLE_LOADER = "$(TEST_HOST)";
				INFOPLIST_FILE = QuickSortArrayTests/Info.plist;
				LD_RUNPATH_SEARCH_PATHS = "$(inherited) @executable_path/Frameworks @loader_path/Frameworks";
				PRODUCT_BUNDLE_IDENTIFIER = sunny.QuickSortArrayTests;
				PRODUCT_NAME = "$(TARGET_NAME)";
				TEST_HOST = "$(BUILT_PRODUCTS_DIR)/QuickSortArray.app/QuickSortArray";
			};
			name = Debug;
		};
		0D7C343C1F0B5E2200C4949E /* Release */ = {
			isa = XCBuildConfiguration;
			buildSettings = {
				BUNDLE_LOADER = "$(TEST_HOST)";
				INFOPLIST_FILE = QuickSortArrayTests/Info.plist;
				LD_RUNPATH_SEARCH_PATHS = "$(inherited) @executable_path/Frameworks @loader_path/Frameworks";
				PRODUCT_BUNDLE_IDENTIFIER = sunny.QuickSortArrayTests;
				PRODUCT_NAME = "$(TARGET_NAME)";
				TEST_HOST = "$(BUILT_PRODUCTS_DIR)/QuickSortArray.app/QuickSortArray";
			};
			name = Release;
		};
		0D7C343E1F0B5E2200C4949E /* Debug */ = {
			isa = XCBuildConfiguration;
			buildSettings = {
				INFOPLIST_FILE = QuickSortArrayUITests/Info.plist;
				LD_RUNPATH_SEARCH_PATHS = "$(inherited) @executable_path/Frameworks @loader_path/Frameworks";
				PRODUCT_BUNDLE_IDENTIFIER = sunny.QuickSortArrayUITests;
				PRODUCT_NAME = "$(TARGET_NAME)";
				TEST_TARGET_NAME = QuickSortArray;
			};
			name = Debug;
		};
		0D7C343F1F0B5E2200C4949E /* Release */ = {
			isa = XCBuildConfiguration;
			buildSettings = {
				INFOPLIST_FILE = QuickSortArrayUITests/Info.plist;
				LD_RUNPATH_SEARCH_PATHS = "$(inherited) @executable_path/Frameworks @loader_path/Frameworks";
				PRODUCT_BUNDLE_IDENTIFIER = sunny.QuickSortArrayUITests;
				PRODUCT_NAME = "$(TARGET_NAME)";
				TEST_TARGET_NAME = QuickSortArray;
			};
			name = Release;
		};
/* End XCBuildConfiguration section */

/* Begin XCConfigurationList section */
		0D7C34051F0B5E2100C4949E /* Build configuration list for PBXProject "QuickSortArray" */ = {
			isa = XCConfigurationList;
			buildConfigurations = (
				0D7C34351F0B5E2200C4949E /* Debug */,
				0D7C34361F0B5E2200C4949E /* Release */,
			);
			defaultConfigurationIsVisible = 0;
			defaultConfigurationName = Release;
		};
		0D7C34371F0B5E2200C4949E /* Build configuration list for PBXNativeTarget "QuickSortArray" */ = {
			isa = XCConfigurationList;
			buildConfigurations = (
				0D7C34381F0B5E2200C4949E /* Debug */,
				0D7C34391F0B5E2200C4949E /* Release */,
			);
			defaultConfigurationIsVisible = 0;
		};
		0D7C343A1F0B5E2200C4949E /* Build configuration list for PBXNativeTarget "QuickSortArrayTests" */ = {
			isa = XCConfigurationList;
			buildConfigurations = (
				0D7C343B1F0B5E2200C4949E /* Debug */,
				0D7C343C1F0B5E2200C4949E /* Release */,
			);
			defaultConfigurationIsVisible = 0;
		};
		0D7C343D1F0B5E2200C4949E /* Build configuration list for PBXNativeTarget "QuickSortArrayUITests" */ = {
			isa = XCConfigurationList;
			buildConfigurations = (
				0D7C343E1F0B5E2200C4949E /* Debug */,
				0D7C343F1F0B5E2200C4949E /* Release */,
			);
			defaultConfigurationIsVisible = 0;
		};
/* End XCConfigurationList section */
	};
	rootObject = 0D7C34021F0B5E2100C4949E /* Project object */;
}
